
Microsoft Visual Studio Solution File, Format Version 12.00
# Visual Studio Version 17
VisualStudioVersion = 17.14.37027.9 d17.14
MinimumVisualStudioVersion = 10.0.40219.1
Project("{FAE04EC0-301F-11D3-BF4B-00C04F79EFBC}") = "FinanceTaskHelper", "FinanceTaskHelper\FinanceTaskHelper.csproj", "{1BE89ABF-3FDA-46D9-9391-C112DF5D779B}"
EndProject
Global
	GlobalSection(SolutionConfigurationPlatforms) = preSolution
		Debug|Any CPU = Debug|Any CPU
		Release|Any CPU = Release|Any CPU
	EndGlobalSection
	GlobalSection(ProjectConfigurationPlatforms) = postSolution
		{1BE89ABF-3FDA-46D9-9391-C112DF5D779B}.Debug|Any CPU.ActiveCfg = Debug|Any CPU
		{1BE89ABF-3FDA-46D9-9391-C112DF5D779B}.Debug|Any CPU.Build.0 = Debug|Any CPU
		{1BE89ABF-3FDA-46D9-9391-C112DF5D779B}.Release|Any CPU.ActiveCfg = Release|Any CPU
		{1BE89ABF-3FDA-46D9-9391-C112DF5D779B}.Release|Any CPU.Build.0 = Release|Any CPU
	EndGlobalSection
	GlobalSection(SolutionProperties) = preSolution
		HideSolutionNode = FALSE
	EndGlobalSection
	GlobalSection(ExtensibilityGlobals) = postSolution
		SolutionGuid = {DC3C2FB0-2F97-4A93-8AB9-23D9CB88CCEF}
	EndGlobalSection
EndGlobal
